
Microsoft Visual Studio Solution File, Format Version 12.00
# Visual Studio 15
VisualStudioVersion = 15.0.26124.0
MinimumVisualStudioVersion = 15.0.26124.0
Project("{2150E333-8FDC-42A3-9474-1A3956D46DE8}") = "src", "src", "{F45EFFD4-6C6A-4EEF-A85A-CF0AB4173639}"
EndProject
Project("{FAE04EC0-301F-11D3-BF4B-00C04F79EFBC}") = "pacman", "src\pacman\pacman.csproj", "{487CC4D8-D1CA-4B5F-ADB5-65069CFFF591}"
EndProject
Project("{FAE04EC0-301F-11D3-BF4B-00C04F79EFBC}") = "tests", "tests\tests.csproj", "{2E683C06-DA0A-4FFF-96A2-D6D68ADC6B24}"
EndProject
Global
	GlobalSection(SolutionConfigurationPlatforms) = preSolution
		Debug|Any CPU = Debug|Any CPU
		Debug|x64 = Debug|x64
		Debug|x86 = Debug|x86
		Release|Any CPU = Release|Any CPU
		Release|x64 = Release|x64
		Release|x86 = Release|x86
	EndGlobalSection
	GlobalSection(SolutionProperties) = preSolution
		HideSolutionNode = FALSE
	EndGlobalSection
	GlobalSection(ProjectConfigurationPlatforms) = postSolution
		{487CC4D8-D1CA-4B5F-ADB5-65069CFFF591}.Debug|Any CPU.ActiveCfg = Debug|Any CPU
		{487CC4D8-D1CA-4B5F-ADB5-65069CFFF591}.Debug|Any CPU.Build.0 = Debug|Any CPU
		{487CC4D8-D1CA-4B5F-ADB5-65069CFFF591}.Debug|x64.ActiveCfg = Debug|Any CPU
		{487CC4D8-D1CA-4B5F-ADB5-65069CFFF591}.Debug|x64.Build.0 = Debug|Any CPU
		{487CC4D8-D1CA-4B5F-ADB5-65069CFFF591}.Debug|x86.ActiveCfg = Debug|Any CPU
		{487CC4D8-D1CA-4B5F-ADB5-65069CFFF591}.Debug|x86.Build.0 = Debug|Any CPU
		{487CC4D8-D1CA-4B5F-ADB5-65069CFFF591}.Release|Any CPU.ActiveCfg = Release|Any CPU
		{487CC4D8-D1CA-4B5F-ADB5-65069CFFF591}.Release|Any CPU.Build.0 = Release|Any CPU
		{487CC4D8-D1CA-4B5F-ADB5-65069CFFF591}.Release|x64.ActiveCfg = Release|Any CPU
		{487CC4D8-D1CA-4B5F-ADB5-65069CFFF591}.Release|x64.Build.0 = Release|Any CPU
		{487CC4D8-D1CA-4B5F-ADB5-65069CFFF591}.Release|x86.ActiveCfg = Release|Any CPU
		{487CC4D8-D1CA-4B5F-ADB5-65069CFFF591}.Release|x86.Build.0 = Release|Any CPU
		{2E683C06-DA0A-4FFF-96A2-D6D68ADC6B24}.Debug|Any CPU.ActiveCfg = Debug|Any CPU
		{2E683C06-DA0A-4FFF-96A2-D6D68ADC6B24}.Debug|Any CPU.Build.0 = Debug|Any CPU
		{2E683C06-DA0A-4FFF-96A2-D6D68ADC6B24}.Debug|x64.ActiveCfg = Debug|Any CPU
		{2E683C06-DA0A-4FFF-96A2-D6D68ADC6B24}.Debug|x64.Build.0 = Debug|Any CPU
		{2E683C06-DA0A-4FFF-96A2-D6D68ADC6B24}.Debug|x86.ActiveCfg = Debug|Any CPU
		{2E683C06-DA0A-4FFF-96A2-D6D68ADC6B24}.Debug|x86.Build.0 = Debug|Any CPU
		{2E683C06-DA0A-4FFF-96A2-D6D68ADC6B24}.Release|Any CPU.ActiveCfg = Release|Any CPU
		{2E683C06-DA0A-4FFF-96A2-D6D68ADC6B24}.Release|Any CPU.Build.0 = Release|Any CPU
		{2E683C06-DA0A-4FFF-96A2-D6D68ADC6B24}.Release|x64.ActiveCfg = Release|Any CPU
		{2E683C06-DA0A-4FFF-96A2-D6D68ADC6B24}.Release|x64.Build.0 = Release|Any CPU
		{2E683C06-DA0A-4FFF-96A2-D6D68ADC6B24}.Release|x86.ActiveCfg = Release|Any CPU
		{2E683C06-DA0A-4FFF-96A2-D6D68ADC6B24}.Release|x86.Build.0 = Release|Any CPU
	EndGlobalSection
	GlobalSection(NestedProjects) = preSolution
		{487CC4D8-D1CA-4B5F-ADB5-65069CFFF591} = {F45EFFD4-6C6A-4EEF-A85A-CF0AB4173639}
	EndGlobalSection
EndGlobal
